
Microsoft Visual Studio Solution File, Format Version 12.00
# Visual Studio Version 17
VisualStudioVersion = 17.14.36109.1 d17.14
MinimumVisualStudioVersion = 10.0.40219.1
Project("{FAE04EC0-301F-11D3-BF4B-00C04F79EFBC}") = "MusicDiscRental", "MusicDiscRental\MusicDiscRental.csproj", "{E409B106-503B-4724-9650-C6015CF4E28F}"
EndProject
Global
	GlobalSection(SolutionConfigurationPlatforms) = preSolution
		Debug|Any CPU = Debug|Any CPU
		Release|Any CPU = Release|Any CPU
	EndGlobalSection
	GlobalSection(ProjectConfigurationPlatforms) = postSolution
		{E409B106-503B-4724-9650-C6015CF4E28F}.Debug|Any CPU.ActiveCfg = Debug|Any CPU
		{E409B106-503B-4724-9650-C6015CF4E28F}.Debug|Any CPU.Build.0 = Debug|Any CPU
		{E409B106-503B-4724-9650-C6015CF4E28F}.Release|Any CPU.ActiveCfg = Release|Any CPU
		{E409B106-503B-4724-9650-C6015CF4E28F}.Release|Any CPU.Build.0 = Release|Any CPU
	EndGlobalSection
	GlobalSection(SolutionProperties) = preSolution
		HideSolutionNode = FALSE
	EndGlobalSection
	GlobalSection(ExtensibilityGlobals) = postSolution
		SolutionGuid = {735362F6-5B2A-4CF8-890B-D204BD9E185E}
	EndGlobalSection
EndGlobal
